// !$*UTF8*$!
{
	archiveVersion = 1;
	classes = {
	};
	objectVersion = 56;
	objects = {

/* Begin PBXBuildFile section */
		062E16B4FBE588FD2ED64CAA /* Pods_Messenger.framework in Frameworks */ = {isa = PBXBuildFile; fileRef = 7CB7FCA95CFAB7C42EB89CAE /* Pods_Messenger.framework */; };
		AA3A66172936E6BD0028BA0D /* GoogleService-Info.plist in Resources */ = {isa = PBXBuildFile; fileRef = AA3A66162936E6BC0028BA0D /* GoogleService-Info.plist */; };
		AA90B3CD293150CD00085110 /* Extensions.swift in Sources */ = {isa = PBXBuildFile; fileRef = AA90B3CC293150CD00085110 /* Extensions.swift */; };
		AAD0F1B8292C326C0023CE16 /* AppDelegate.swift in Sources */ = {isa = PBXBuildFile; fileRef = AAD0F1B7292C326C0023CE16 /* AppDelegate.swift */; };
		AAD0F1BA292C326C0023CE16 /* SceneDelegate.swift in Sources */ = {isa = PBXBuildFile; fileRef = AAD0F1B9292C326C0023CE16 /* SceneDelegate.swift */; };
		AAD0F1BC292C326C0023CE16 /* ConversationViewController.swift in Sources */ = {isa = PBXBuildFile; fileRef = AAD0F1BB292C326C0023CE16 /* ConversationViewController.swift */; };
		AAD0F1BF292C326C0023CE16 /* Main.storyboard in Resources */ = {isa = PBXBuildFile; fileRef = AAD0F1BD292C326C0023CE16 /* Main.storyboard */; };
		AAD0F1C1292C326D0023CE16 /* Assets.xcassets in Resources */ = {isa = PBXBuildFile; fileRef = AAD0F1C0292C326D0023CE16 /* Assets.xcassets */; };
		AAD0F1C4292C326D0023CE16 /* LaunchScreen.storyboard in Resources */ = {isa = PBXBuildFile; fileRef = AAD0F1C2292C326D0023CE16 /* LaunchScreen.storyboard */; };
		AAD0F1CF292C326E0023CE16 /* MessengerTests.swift in Sources */ = {isa = PBXBuildFile; fileRef = AAD0F1CE292C326E0023CE16 /* MessengerTests.swift */; };
		AAD0F1D9292C326E0023CE16 /* MessengerUITests.swift in Sources */ = {isa = PBXBuildFile; fileRef = AAD0F1D8292C326E0023CE16 /* MessengerUITests.swift */; };
		AAD0F1DB292C326E0023CE16 /* MessengerUITestsLaunchTests.swift in Sources */ = {isa = PBXBuildFile; fileRef = AAD0F1DA292C326E0023CE16 /* MessengerUITestsLaunchTests.swift */; };
		AAD0F1EE292C3DDE0023CE16 /* LoginViewController.swift in Sources */ = {isa = PBXBuildFile; fileRef = AAD0F1ED292C3DDE0023CE16 /* LoginViewController.swift */; };
		AAD0F1F0292C3DFA0023CE16 /* RegisterViewController.swift in Sources */ = {isa = PBXBuildFile; fileRef = AAD0F1EF292C3DFA0023CE16 /* RegisterViewController.swift */; };
		AAD0F1F2292C3E340023CE16 /* PhotoViewerViewController.swift in Sources */ = {isa = PBXBuildFile; fileRef = AAD0F1F1292C3E340023CE16 /* PhotoViewerViewController.swift */; };
		AAD0F1F4292C3E5A0023CE16 /* VideoPlayerViewController.swift in Sources */ = {isa = PBXBuildFile; fileRef = AAD0F1F3292C3E5A0023CE16 /* VideoPlayerViewController.swift */; };
		AAD0F1F6292C3E8F0023CE16 /* NewConversationViewController.swift in Sources */ = {isa = PBXBuildFile; fileRef = AAD0F1F5292C3E8F0023CE16 /* NewConversationViewController.swift */; };
		AAD0F1F8292C3EC30023CE16 /* ProfileViewController.swift in Sources */ = {isa = PBXBuildFile; fileRef = AAD0F1F7292C3EC30023CE16 /* ProfileViewController.swift */; };
		B91D0F67C047F1AA6144CCFD /* Pods_MessengerTests.framework in Frameworks */ = {isa = PBXBuildFile; fileRef = 03DA8AE18A5D5A472BAAB0A6 /* Pods_MessengerTests.framework */; };
		E83F62EEC1ED73F9C44022C0 /* Pods_Messenger_MessengerUITests.framework in Frameworks */ = {isa = PBXBuildFile; fileRef = 97D7FD84E357C8957114AD9D /* Pods_Messenger_MessengerUITests.framework */; };
/* End PBXBuildFile section */

/* Begin PBXContainerItemProxy section */
		AAD0F1CB292C326E0023CE16 /* PBXContainerItemProxy */ = {
			isa = PBXContainerItemProxy;
			containerPortal = AAD0F1AC292C326C0023CE16 /* Project object */;
			proxyType = 1;
			remoteGlobalIDString = AAD0F1B3292C326C0023CE16;
			remoteInfo = Messenger;
		};
		AAD0F1D5292C326E0023CE16 /* PBXContainerItemProxy */ = {
			isa = PBXContainerItemProxy;
			containerPortal = AAD0F1AC292C326C0023CE16 /* Project object */;
			proxyType = 1;
			remoteGlobalIDString = AAD0F1B3292C326C0023CE16;
			remoteInfo = Messenger;
		};
/* End PBXContainerItemProxy section */

/* Begin PBXFileReference section */
		03DA8AE18A5D5A472BAAB0A6 /* Pods_MessengerTests.framework */ = {isa = PBXFileReference; explicitFileType = wrapper.framework; includeInIndex = 0; path = Pods_MessengerTests.framework; sourceTree = BUILT_PRODUCTS_DIR; };
		4287CE3D7E91A0940AA79EF5 /* Pods-MessengerTests.debug.xcconfig */ = {isa = PBXFileReference; includeInIndex = 1; lastKnownFileType = text.xcconfig; name = "Pods-MessengerTests.debug.xcconfig"; path = "Target Support Files/Pods-MessengerTests/Pods-MessengerTests.debug.xcconfig"; sourceTree = "<group>"; };
		7CB7FCA95CFAB7C42EB89CAE /* Pods_Messenger.framework */ = {isa = PBXFileReference; explicitFileType = wrapper.framework; includeInIndex = 0; path = Pods_Messenger.framework; sourceTree = BUILT_PRODUCTS_DIR; };
		97D7FD84E357C8957114AD9D /* Pods_Messenger_MessengerUITests.framework */ = {isa = PBXFileReference; explicitFileType = wrapper.framework; includeInIndex = 0; path = Pods_Messenger_MessengerUITests.framework; sourceTree = BUILT_PRODUCTS_DIR; };
		A2D9783FDB4F90D16ECFA364 /* Pods-Messenger-MessengerUITests.release.xcconfig */ = {isa = PBXFileReference; includeInIndex = 1; lastKnownFileType = text.xcconfig; name = "Pods-Messenger-MessengerUITests.release.xcconfig"; path = "Target Support Files/Pods-Messenger-MessengerUITests/Pods-Messenger-MessengerUITests.release.xcconfig"; sourceTree = "<group>"; };
		AA3A66162936E6BC0028BA0D /* GoogleService-Info.plist */ = {isa = PBXFileReference; fileEncoding = 4; lastKnownFileType = text.plist.xml; path = "GoogleService-Info.plist"; sourceTree = "<group>"; };
		AA90B3CC293150CD00085110 /* Extensions.swift */ = {isa = PBXFileReference; lastKnownFileType = sourcecode.swift; path = Extensions.swift; sourceTree = "<group>"; };
		AAD0F1B4292C326C0023CE16 /* Messenger.app */ = {isa = PBXFileReference; explicitFileType = wrapper.application; includeInIndex = 0; path = Messenger.app; sourceTree = BUILT_PRODUCTS_DIR; };
		AAD0F1B7292C326C0023CE16 /* AppDelegate.swift */ = {isa = PBXFileReference; lastKnownFileType = sourcecode.swift; path = AppDelegate.swift; sourceTree = "<group>"; };
		AAD0F1B9292C326C0023CE16 /* SceneDelegate.swift */ = {isa = PBXFileReference; lastKnownFileType = sourcecode.swift; path = SceneDelegate.swift; sourceTree = "<group>"; };
		AAD0F1BB292C326C0023CE16 /* ConversationViewController.swift */ = {isa = PBXFileReference; lastKnownFileType = sourcecode.swift; path = ConversationViewController.swift; sourceTree = "<group>"; };
		AAD0F1BE292C326C0023CE16 /* Base */ = {isa = PBXFileReference; lastKnownFileType = file.storyboard; name = Base; path = Base.lproj/Main.storyboard; sourceTree = "<group>"; };
		AAD0F1C0292C326D0023CE16 /* Assets.xcassets */ = {isa = PBXFileReference; lastKnownFileType = folder.assetcatalog; path = Assets.xcassets; sourceTree = "<group>"; };
		AAD0F1C3292C326D0023CE16 /* Base */ = {isa = PBXFileReference; lastKnownFileType = file.storyboard; name = Base; path = Base.lproj/LaunchScreen.storyboard; sourceTree = "<group>"; };
		AAD0F1C5292C326D0023CE16 /* Info.plist */ = {isa = PBXFileReference; lastKnownFileType = text.plist.xml; path = Info.plist; sourceTree = "<group>"; };
		AAD0F1CA292C326E0023CE16 /* MessengerTests.xctest */ = {isa = PBXFileReference; explicitFileType = wrapper.cfbundle; includeInIndex = 0; path = MessengerTests.xctest; sourceTree = BUILT_PRODUCTS_DIR; };
		AAD0F1CE292C326E0023CE16 /* MessengerTests.swift */ = {isa = PBXFileReference; lastKnownFileType = sourcecode.swift; path = MessengerTests.swift; sourceTree = "<group>"; };
		AAD0F1D4292C326E0023CE16 /* MessengerUITests.xctest */ = {isa = PBXFileReference; explicitFileType = wrapper.cfbundle; includeInIndex = 0; path = MessengerUITests.xctest; sourceTree = BUILT_PRODUCTS_DIR; };
		AAD0F1D8292C326E0023CE16 /* MessengerUITests.swift */ = {isa = PBXFileReference; lastKnownFileType = sourcecode.swift; path = MessengerUITests.swift; sourceTree = "<group>"; };
		AAD0F1DA292C326E0023CE16 /* MessengerUITestsLaunchTests.swift */ = {isa = PBXFileReference; lastKnownFileType = sourcecode.swift; path = MessengerUITestsLaunchTests.swift; sourceTree = "<group>"; };
		AAD0F1ED292C3DDE0023CE16 /* LoginViewController.swift */ = {isa = PBXFileReference; lastKnownFileType = sourcecode.swift; path = LoginViewController.swift; sourceTree = "<group>"; };
		AAD0F1EF292C3DFA0023CE16 /* RegisterViewController.swift */ = {isa = PBXFileReference; lastKnownFileType = sourcecode.swift; path = RegisterViewController.swift; sourceTree = "<group>"; };
		AAD0F1F1292C3E340023CE16 /* PhotoViewerViewController.swift */ = {isa = PBXFileReference; lastKnownFileType = sourcecode.swift; path = PhotoViewerViewController.swift; sourceTree = "<group>"; };
		AAD0F1F3292C3E5A0023CE16 /* VideoPlayerViewController.swift */ = {isa = PBXFileReference; lastKnownFileType = sourcecode.swift; path = VideoPlayerViewController.swift; sourceTree = "<group>"; };
		AAD0F1F5292C3E8F0023CE16 /* NewConversationViewController.swift */ = {isa = PBXFileReference; lastKnownFileType = sourcecode.swift; path = NewConversationViewController.swift; sourceTree = "<group>"; };
		AAD0F1F7292C3EC30023CE16 /* ProfileViewController.swift */ = {isa = PBXFileReference; lastKnownFileType = sourcecode.swift; path = ProfileViewController.swift; sourceTree = "<group>"; };
		D796B57D57C78EB37FCBEA3C /* Pods-Messenger.release.xcconfig */ = {isa = PBXFileReference; includeInIndex = 1; lastKnownFileType = text.xcconfig; name = "Pods-Messenger.release.xcconfig"; path = "Target Support Files/Pods-Messenger/Pods-Messenger.release.xcconfig"; sourceTree = "<group>"; };
		E8A8ADB52E11C88FEC22000A /* Pods-MessengerTests.release.xcconfig */ = {isa = PBXFileReference; includeInIndex = 1; lastKnownFileType = text.xcconfig; name = "Pods-MessengerTests.release.xcconfig"; path = "Target Support Files/Pods-MessengerTests/Pods-MessengerTests.release.xcconfig"; sourceTree = "<group>"; };
		F834EFBFAD01FFB24E443B4E /* Pods-Messenger-MessengerUITests.debug.xcconfig */ = {isa = PBXFileReference; includeInIndex = 1; lastKnownFileType = text.xcconfig; name = "Pods-Messenger-MessengerUITests.debug.xcconfig"; path = "Target Support Files/Pods-Messenger-MessengerUITests/Pods-Messenger-MessengerUITests.debug.xcconfig"; sourceTree = "<group>"; };
		FEA08D2E2ECE44247360D58A /* Pods-Messenger.debug.xcconfig */ = {isa = PBXFileReference; includeInIndex = 1; lastKnownFileType = text.xcconfig; name = "Pods-Messenger.debug.xcconfig"; path = "Target Support Files/Pods-Messenger/Pods-Messenger.debug.xcconfig"; sourceTree = "<group>"; };
/* End PBXFileReference section */

/* Begin PBXFrameworksBuildPhase section */
		AAD0F1B1292C326C0023CE16 /* Frameworks */ = {
			isa = PBXFrameworksBuildPhase;
			buildActionMask = 2147483647;
			files = (
				062E16B4FBE588FD2ED64CAA /* Pods_Messenger.framework in Frameworks */,
			);
			runOnlyForDeploymentPostprocessing = 0;
		};
		AAD0F1C7292C326E0023CE16 /* Frameworks */ = {
			isa = PBXFrameworksBuildPhase;
			buildActionMask = 2147483647;
			files = (
				B91D0F67C047F1AA6144CCFD /* Pods_MessengerTests.framework in Frameworks */,
			);
			runOnlyForDeploymentPostprocessing = 0;
		};
		AAD0F1D1292C326E0023CE16 /* Frameworks */ = {
			isa = PBXFrameworksBuildPhase;
			buildActionMask = 2147483647;
			files = (
				E83F62EEC1ED73F9C44022C0 /* Pods_Messenger_MessengerUITests.framework in Frameworks */,
			);
			runOnlyForDeploymentPostprocessing = 0;
		};
/* End PBXFrameworksBuildPhase section */

/* Begin PBXGroup section */
		1A9779A79F08E86518A9D164 /* Frameworks */ = {
			isa = PBXGroup;
			children = (
				7CB7FCA95CFAB7C42EB89CAE /* Pods_Messenger.framework */,
				97D7FD84E357C8957114AD9D /* Pods_Messenger_MessengerUITests.framework */,
				03DA8AE18A5D5A472BAAB0A6 /* Pods_MessengerTests.framework */,
			);
			name = Frameworks;
			sourceTree = "<group>";
		};
		A4DD1294B3AE0440002742C2 /* Pods */ = {
			isa = PBXGroup;
			children = (
				FEA08D2E2ECE44247360D58A /* Pods-Messenger.debug.xcconfig */,
				D796B57D57C78EB37FCBEA3C /* Pods-Messenger.release.xcconfig */,
				F834EFBFAD01FFB24E443B4E /* Pods-Messenger-MessengerUITests.debug.xcconfig */,
				A2D9783FDB4F90D16ECFA364 /* Pods-Messenger-MessengerUITests.release.xcconfig */,
				4287CE3D7E91A0940AA79EF5 /* Pods-MessengerTests.debug.xcconfig */,
				E8A8ADB52E11C88FEC22000A /* Pods-MessengerTests.release.xcconfig */,
			);
			path = Pods;
			sourceTree = "<group>";
		};
		AA90B3CB2931473D00085110 /* Login */ = {
			isa = PBXGroup;
			children = (
				AAD0F1ED292C3DDE0023CE16 /* LoginViewController.swift */,
				AAD0F1EF292C3DFA0023CE16 /* RegisterViewController.swift */,
			);
			path = Login;
			sourceTree = "<group>";
		};
		AAD0F1AB292C326C0023CE16 = {
			isa = PBXGroup;
			children = (
				AAD0F1B6292C326C0023CE16 /* Messenger */,
				AAD0F1CD292C326E0023CE16 /* MessengerTests */,
				AAD0F1D7292C326E0023CE16 /* MessengerUITests */,
				AAD0F1B5292C326C0023CE16 /* Products */,
				A4DD1294B3AE0440002742C2 /* Pods */,
				1A9779A79F08E86518A9D164 /* Frameworks */,
			);
			sourceTree = "<group>";
		};
		AAD0F1B5292C326C0023CE16 /* Products */ = {
			isa = PBXGroup;
			children = (
				AAD0F1B4292C326C0023CE16 /* Messenger.app */,
				AAD0F1CA292C326E0023CE16 /* MessengerTests.xctest */,
				AAD0F1D4292C326E0023CE16 /* MessengerUITests.xctest */,
			);
			name = Products;
			sourceTree = "<group>";
		};
		AAD0F1B6292C326C0023CE16 /* Messenger */ = {
			isa = PBXGroup;
			children = (
				AA3A66162936E6BC0028BA0D /* GoogleService-Info.plist */,
				AAD0F1C5292C326D0023CE16 /* Info.plist */,
				AAD0F1E9292C38AD0023CE16 /* Models */,
				AAD0F1EB292C38D90023CE16 /* Resources */,
				AAD0F1EA292C38C00023CE16 /* ViewModels */,
				AAD0F1E8292C38990023CE16 /* Views */,
			);
			path = Messenger;
			sourceTree = "<group>";
		};
		AAD0F1CD292C326E0023CE16 /* MessengerTests */ = {
			isa = PBXGroup;
			children = (
				AAD0F1CE292C326E0023CE16 /* MessengerTests.swift */,
			);
			path = MessengerTests;
			sourceTree = "<group>";
		};
		AAD0F1D7292C326E0023CE16 /* MessengerUITests */ = {
			isa = PBXGroup;
			children = (
				AAD0F1D8292C326E0023CE16 /* MessengerUITests.swift */,
				AAD0F1DA292C326E0023CE16 /* MessengerUITestsLaunchTests.swift */,
			);
			path = MessengerUITests;
			sourceTree = "<group>";
		};
		AAD0F1E7292C387E0023CE16 /* Controllers */ = {
			isa = PBXGroup;
			children = (
				AA90B3CB2931473D00085110 /* Login */,
				AAD0F1BB292C326C0023CE16 /* ConversationViewController.swift */,
				AAD0F1F1292C3E340023CE16 /* PhotoViewerViewController.swift */,
				AAD0F1F3292C3E5A0023CE16 /* VideoPlayerViewController.swift */,
				AAD0F1F5292C3E8F0023CE16 /* NewConversationViewController.swift */,
				AAD0F1F7292C3EC30023CE16 /* ProfileViewController.swift */,
			);
			path = Controllers;
			sourceTree = "<group>";
		};
		AAD0F1E8292C38990023CE16 /* Views */ = {
			isa = PBXGroup;
			children = (
				AAD0F1E7292C387E0023CE16 /* Controllers */,
				AAD0F1EC292C39AA0023CE16 /* Storyboards */,
				AAD0F1C0292C326D0023CE16 /* Assets.xcassets */,
			);
			path = Views;
			sourceTree = "<group>";
		};
		AAD0F1E9292C38AD0023CE16 /* Models */ = {
			isa = PBXGroup;
			children = (
			);
			path = Models;
			sourceTree = "<group>";
		};
		AAD0F1EA292C38C00023CE16 /* ViewModels */ = {
			isa = PBXGroup;
			children = (
			);
			path = ViewModels;
			sourceTree = "<group>";
		};
		AAD0F1EB292C38D90023CE16 /* Resources */ = {
			isa = PBXGroup;
			children = (
				AAD0F1B7292C326C0023CE16 /* AppDelegate.swift */,
				AAD0F1B9292C326C0023CE16 /* SceneDelegate.swift */,
				AA90B3CC293150CD00085110 /* Extensions.swift */,
			);
			path = Resources;
			sourceTree = "<group>";
		};
		AAD0F1EC292C39AA0023CE16 /* Storyboards */ = {
			isa = PBXGroup;
			children = (
				AAD0F1BD292C326C0023CE16 /* Main.storyboard */,
				AAD0F1C2292C326D0023CE16 /* LaunchScreen.storyboard */,
			);
			path = Storyboards;
			sourceTree = "<group>";
		};
/* End PBXGroup section */

/* Begin PBXNativeTarget section */
		AAD0F1B3292C326C0023CE16 /* Messenger */ = {
			isa = PBXNativeTarget;
			buildConfigurationList = AAD0F1DE292C326E0023CE16 /* Build configuration list for PBXNativeTarget "Messenger" */;
			buildPhases = (
				9192B4F2677F964DE96B296E /* [CP] Check Pods Manifest.lock */,
				AAD0F1B0292C326C0023CE16 /* Sources */,
				AAD0F1B1292C326C0023CE16 /* Frameworks */,
				AAD0F1B2292C326C0023CE16 /* Resources */,
				0D34F2C6F97FE8888EE87A3F /* [CP] Embed Pods Frameworks */,
			);
			buildRules = (
			);
			dependencies = (
			);
			name = Messenger;
			productName = Messenger;
			productReference = AAD0F1B4292C326C0023CE16 /* Messenger.app */;
			productType = "com.apple.product-type.application";
		};
		AAD0F1C9292C326E0023CE16 /* MessengerTests */ = {
			isa = PBXNativeTarget;
			buildConfigurationList = AAD0F1E1292C326E0023CE16 /* Build configuration list for PBXNativeTarget "MessengerTests" */;
			buildPhases = (
				B74ED569712CC23721B2FCE9 /* [CP] Check Pods Manifest.lock */,
				AAD0F1C6292C326E0023CE16 /* Sources */,
				AAD0F1C7292C326E0023CE16 /* Frameworks */,
				AAD0F1C8292C326E0023CE16 /* Resources */,
			);
			buildRules = (
			);
			dependencies = (
				AAD0F1CC292C326E0023CE16 /* PBXTargetDependency */,
			);
			name = MessengerTests;
			productName = MessengerTests;
			productReference = AAD0F1CA292C326E0023CE16 /* MessengerTests.xctest */;
			productType = "com.apple.product-type.bundle.unit-test";
		};
		AAD0F1D3292C326E0023CE16 /* MessengerUITests */ = {
			isa = PBXNativeTarget;
			buildConfigurationList = AAD0F1E4292C326E0023CE16 /* Build configuration list for PBXNativeTarget "MessengerUITests" */;
			buildPhases = (
				43EA05AFC731B3E3A1CE9C3D /* [CP] Check Pods Manifest.lock */,
				AAD0F1D0292C326E0023CE16 /* Sources */,
				AAD0F1D1292C326E0023CE16 /* Frameworks */,
				AAD0F1D2292C326E0023CE16 /* Resources */,
				FEFF422CE655BA89002D4FFC /* [CP] Embed Pods Frameworks */,
			);
			buildRules = (
			);
			dependencies = (
				AAD0F1D6292C326E0023CE16 /* PBXTargetDependency */,
			);
			name = MessengerUITests;
			productName = MessengerUITests;
			productReference = AAD0F1D4292C326E0023CE16 /* MessengerUITests.xctest */;
			productType = "com.apple.product-type.bundle.ui-testing";
		};
/* End PBXNativeTarget section */

/* Begin PBXProject section */
		AAD0F1AC292C326C0023CE16 /* Project object */ = {
			isa = PBXProject;
			attributes = {
				BuildIndependentTargetsInParallel = 1;
				LastSwiftUpdateCheck = 1400;
				LastUpgradeCheck = 1400;
				TargetAttributes = {
					AAD0F1B3292C326C0023CE16 = {
						CreatedOnToolsVersion = 14.0.1;
					};
					AAD0F1C9292C326E0023CE16 = {
						CreatedOnToolsVersion = 14.0.1;
						TestTargetID = AAD0F1B3292C326C0023CE16;
					};
					AAD0F1D3292C326E0023CE16 = {
						CreatedOnToolsVersion = 14.0.1;
						TestTargetID = AAD0F1B3292C326C0023CE16;
					};
				};
			};
			buildConfigurationList = AAD0F1AF292C326C0023CE16 /* Build configuration list for PBXProject "Messenger" */;
			compatibilityVersion = "Xcode 14.0";
			developmentRegion = en;
			hasScannedForEncodings = 0;
			knownRegions = (
				en,
				Base,
			);
			mainGroup = AAD0F1AB292C326C0023CE16;
			productRefGroup = AAD0F1B5292C326C0023CE16 /* Products */;
			projectDirPath = "";
			projectRoot = "";
			targets = (
				AAD0F1B3292C326C0023CE16 /* Messenger */,
				AAD0F1C9292C326E0023CE16 /* MessengerTests */,
				AAD0F1D3292C326E0023CE16 /* MessengerUITests */,
			);
		};
/* End PBXProject section */

/* Begin PBXResourcesBuildPhase section */
		AAD0F1B2292C326C0023CE16 /* Resources */ = {
			isa = PBXResourcesBuildPhase;
			buildActionMask = 2147483647;
			files = (
				AAD0F1C4292C326D0023CE16 /* LaunchScreen.storyboard in Resources */,
				AA3A66172936E6BD0028BA0D /* GoogleService-Info.plist in Resources */,
				AAD0F1C1292C326D0023CE16 /* Assets.xcassets in Resources */,
				AAD0F1BF292C326C0023CE16 /* Main.storyboard in Resources */,
			);
			runOnlyForDeploymentPostprocessing = 0;
		};
		AAD0F1C8292C326E0023CE16 /* Resources */ = {
			isa = PBXResourcesBuildPhase;
			buildActionMask = 2147483647;
			files = (
			);
			runOnlyForDeploymentPostprocessing = 0;
		};
		AAD0F1D2292C326E0023CE16 /* Resources */ = {
			isa = PBXResourcesBuildPhase;
			buildActionMask = 2147483647;
			files = (
			);
			runOnlyForDeploymentPostprocessing = 0;
		};
/* End PBXResourcesBuildPhase section */

/* Begin PBXShellScriptBuildPhase section */
		0D34F2C6F97FE8888EE87A3F /* [CP] Embed Pods Frameworks */ = {
			isa = PBXShellScriptBuildPhase;
			buildActionMask = 2147483647;
			files = (
			);
			inputFileListPaths = (
				"${PODS_ROOT}/Target Support Files/Pods-Messenger/Pods-Messenger-frameworks-${CONFIGURATION}-input-files.xcfilelist",
			);
			name = "[CP] Embed Pods Frameworks";
			outputFileListPaths = (
				"${PODS_ROOT}/Target Support Files/Pods-Messenger/Pods-Messenger-frameworks-${CONFIGURATION}-output-files.xcfilelist",
			);
			runOnlyForDeploymentPostprocessing = 0;
			shellPath = /bin/sh;
			shellScript = "\"${PODS_ROOT}/Target Support Files/Pods-Messenger/Pods-Messenger-frameworks.sh\"\n";
			showEnvVarsInLog = 0;
		};
		43EA05AFC731B3E3A1CE9C3D /* [CP] Check Pods Manifest.lock */ = {
			isa = PBXShellScriptBuildPhase;
			buildActionMask = 2147483647;
			files = (
			);
			inputFileListPaths = (
			);
			inputPaths = (
				"${PODS_PODFILE_DIR_PATH}/Podfile.lock",
				"${PODS_ROOT}/Manifest.lock",
			);
			name = "[CP] Check Pods Manifest.lock";
			outputFileListPaths = (
			);
			outputPaths = (
				"$(DERIVED_FILE_DIR)/Pods-Messenger-MessengerUITests-checkManifestLockResult.txt",
			);
			runOnlyForDeploymentPostprocessing = 0;
			shellPath = /bin/sh;
			shellScript = "diff \"${PODS_PODFILE_DIR_PATH}/Podfile.lock\" \"${PODS_ROOT}/Manifest.lock\" > /dev/null\nif [ $? != 0 ] ; then\n    # print error to STDERR\n    echo \"error: The sandbox is not in sync with the Podfile.lock. Run 'pod install' or update your CocoaPods installation.\" >&2\n    exit 1\nfi\n# This output is used by Xcode 'outputs' to avoid re-running this script phase.\necho \"SUCCESS\" > \"${SCRIPT_OUTPUT_FILE_0}\"\n";
			showEnvVarsInLog = 0;
		};
		9192B4F2677F964DE96B296E /* [CP] Check Pods Manifest.lock */ = {
			isa = PBXShellScriptBuildPhase;
			buildActionMask = 2147483647;
			files = (
			);
			inputFileListPaths = (
			);
			inputPaths = (
				"${PODS_PODFILE_DIR_PATH}/Podfile.lock",
				"${PODS_ROOT}/Manifest.lock",
			);
			name = "[CP] Check Pods Manifest.lock";
			outputFileListPaths = (
			);
			outputPaths = (
				"$(DERIVED_FILE_DIR)/Pods-Messenger-checkManifestLockResult.txt",
			);
			runOnlyForDeploymentPostprocessing = 0;
			shellPath = /bin/sh;
			shellScript = "diff \"${PODS_PODFILE_DIR_PATH}/Podfile.lock\" \"${PODS_ROOT}/Manifest.lock\" > /dev/null\nif [ $? != 0 ] ; then\n    # print error to STDERR\n    echo \"error: The sandbox is not in sync with the Podfile.lock. Run 'pod install' or update your CocoaPods installation.\" >&2\n    exit 1\nfi\n# This output is used by Xcode 'outputs' to avoid re-running this script phase.\necho \"SUCCESS\" > \"${SCRIPT_OUTPUT_FILE_0}\"\n";
			showEnvVarsInLog = 0;
		};
		B74ED569712CC23721B2FCE9 /* [CP] Check Pods Manifest.lock */ = {
			isa = PBXShellScriptBuildPhase;
			buildActionMask = 2147483647;
			files = (
			);
			inputFileListPaths = (
			);
			inputPaths = (
				"${PODS_PODFILE_DIR_PATH}/Podfile.lock",
				"${PODS_ROOT}/Manifest.lock",
			);
			name = "[CP] Check Pods Manifest.lock";
			outputFileListPaths = (
			);
			outputPaths = (
				"$(DERIVED_FILE_DIR)/Pods-MessengerTests-checkManifestLockResult.txt",
			);
			runOnlyForDeploymentPostprocessing = 0;
			shellPath = /bin/sh;
			shellScript = "diff \"${PODS_PODFILE_DIR_PATH}/Podfile.lock\" \"${PODS_ROOT}/Manifest.lock\" > /dev/null\nif [ $? != 0 ] ; then\n    # print error to STDERR\n    echo \"error: The sandbox is not in sync with the Podfile.lock. Run 'pod install' or update your CocoaPods installation.\" >&2\n    exit 1\nfi\n# This output is used by Xcode 'outputs' to avoid re-running this script phase.\necho \"SUCCESS\" > \"${SCRIPT_OUTPUT_FILE_0}\"\n";
			showEnvVarsInLog = 0;
		};
		FEFF422CE655BA89002D4FFC /* [CP] Embed Pods Frameworks */ = {
			isa = PBXShellScriptBuildPhase;
			buildActionMask = 2147483647;
			files = (
			);
			inputFileListPaths = (
				"${PODS_ROOT}/Target Support Files/Pods-Messenger-MessengerUITests/Pods-Messenger-MessengerUITests-frameworks-${CONFIGURATION}-input-files.xcfilelist",
			);
			name = "[CP] Embed Pods Frameworks";
			outputFileListPaths = (
				"${PODS_ROOT}/Target Support Files/Pods-Messenger-MessengerUITests/Pods-Messenger-MessengerUITests-frameworks-${CONFIGURATION}-output-files.xcfilelist",
			);
			runOnlyForDeploymentPostprocessing = 0;
			shellPath = /bin/sh;
			shellScript = "\"${PODS_ROOT}/Target Support Files/Pods-Messenger-MessengerUITests/Pods-Messenger-MessengerUITests-frameworks.sh\"\n";
			showEnvVarsInLog = 0;
		};
/* End PBXShellScriptBuildPhase section */

/* Begin PBXSourcesBuildPhase section */
		AAD0F1B0292C326C0023CE16 /* Sources */ = {
			isa = PBXSourcesBuildPhase;
			buildActionMask = 2147483647;
			files = (
				AAD0F1EE292C3DDE0023CE16 /* LoginViewController.swift in Sources */,
				AAD0F1F0292C3DFA0023CE16 /* RegisterViewController.swift in Sources */,
				AAD0F1F6292C3E8F0023CE16 /* NewConversationViewController.swift in Sources */,
				AAD0F1BC292C326C0023CE16 /* ConversationViewController.swift in Sources */,
				AAD0F1F4292C3E5A0023CE16 /* VideoPlayerViewController.swift in Sources */,
				AA90B3CD293150CD00085110 /* Extensions.swift in Sources */,
				AAD0F1B8292C326C0023CE16 /* AppDelegate.swift in Sources */,
				AAD0F1F8292C3EC30023CE16 /* ProfileViewController.swift in Sources */,
				AAD0F1BA292C326C0023CE16 /* SceneDelegate.swift in Sources */,
				AAD0F1F2292C3E340023CE16 /* PhotoViewerViewController.swift in Sources */,
			);
			runOnlyForDeploymentPostprocessing = 0;
		};
		AAD0F1C6292C326E0023CE16 /* Sources */ = {
			isa = PBXSourcesBuildPhase;
			buildActionMask = 2147483647;
			files = (
				AAD0F1CF292C326E0023CE16 /* MessengerTests.swift in Sources */,
			);
			runOnlyForDeploymentPostprocessing = 0;
		};
		AAD0F1D0292C326E0023CE16 /* Sources */ = {
			isa = PBXSourcesBuildPhase;
			buildActionMask = 2147483647;
			files = (
				AAD0F1DB292C326E0023CE16 /* MessengerUITestsLaunchTests.swift in Sources */,
				AAD0F1D9292C326E0023CE16 /* MessengerUITests.swift in Sources */,
			);
			runOnlyForDeploymentPostprocessing = 0;
		};
/* End PBXSourcesBuildPhase section */

/* Begin PBXTargetDependency section */
		AAD0F1CC292C326E0023CE16 /* PBXTargetDependency */ = {
			isa = PBXTargetDependency;
			target = AAD0F1B3292C326C0023CE16 /* Messenger */;
			targetProxy = AAD0F1CB292C326E0023CE16 /* PBXContainerItemProxy */;
		};
		AAD0F1D6292C326E0023CE16 /* PBXTargetDependency */ = {
			isa = PBXTargetDependency;
			target = AAD0F1B3292C326C0023CE16 /* Messenger */;
			targetProxy = AAD0F1D5292C326E0023CE16 /* PBXContainerItemProxy */;
		};
/* End PBXTargetDependency section */

/* Begin PBXVariantGroup section */
		AAD0F1BD292C326C0023CE16 /* Main.storyboard */ = {
			isa = PBXVariantGroup;
			children = (
				AAD0F1BE292C326C0023CE16 /* Base */,
			);
			name = Main.storyboard;
			sourceTree = "<group>";
		};
		AAD0F1C2292C326D0023CE16 /* LaunchScreen.storyboard */ = {
			isa = PBXVariantGroup;
			children = (
				AAD0F1C3292C326D0023CE16 /* Base */,
			);
			name = LaunchScreen.storyboard;
			sourceTree = "<group>";
		};
/* End PBXVariantGroup section */

/* Begin XCBuildConfiguration section */
		AAD0F1DC292C326E0023CE16 /* Debug */ = {
			isa = XCBuildConfiguration;
			buildSettings = {
				ALWAYS_SEARCH_USER_PATHS = NO;
				CLANG_ANALYZER_NONNULL = YES;
				CLANG_ANALYZER_NUMBER_OBJECT_CONVERSION = YES_AGGRESSIVE;
				CLANG_CXX_LANGUAGE_STANDARD = "gnu++20";
				CLANG_ENABLE_MODULES = YES;
				CLANG_ENABLE_OBJC_ARC = YES;
				CLANG_ENABLE_OBJC_WEAK = YES;
				CLANG_WARN_BLOCK_CAPTURE_AUTORELEASING = YES;
				CLANG_WARN_BOOL_CONVERSION = YES;
				CLANG_WARN_COMMA = YES;
				CLANG_WARN_CONSTANT_CONVERSION = YES;
				CLANG_WARN_DEPRECATED_OBJC_IMPLEMENTATIONS = YES;
				CLANG_WARN_DIRECT_OBJC_ISA_USAGE = YES_ERROR;
				CLANG_WARN_DOCUMENTATION_COMMENTS = YES;
				CLANG_WARN_EMPTY_BODY = YES;
				CLANG_WARN_ENUM_CONVERSION = YES;
				CLANG_WARN_INFINITE_RECURSION = YES;
				CLANG_WARN_INT_CONVERSION = YES;
				CLANG_WARN_NON_LITERAL_NULL_CONVERSION = YES;
				CLANG_WARN_OBJC_IMPLICIT_RETAIN_SELF = YES;
				CLANG_WARN_OBJC_LITERAL_CONVERSION = YES;
				CLANG_WARN_OBJC_ROOT_CLASS = YES_ERROR;
				CLANG_WARN_QUOTED_INCLUDE_IN_FRAMEWORK_HEADER = YES;
				CLANG_WARN_RANGE_LOOP_ANALYSIS = YES;
				CLANG_WARN_STRICT_PROTOTYPES = YES;
				CLANG_WARN_SUSPICIOUS_MOVE = YES;
				CLANG_WARN_UNGUARDED_AVAILABILITY = YES_AGGRESSIVE;
				CLANG_WARN_UNREACHABLE_CODE = YES;
				CLANG_WARN__DUPLICATE_METHOD_MATCH = YES;
				COPY_PHASE_STRIP = NO;
				DEBUG_INFORMATION_FORMAT = dwarf;
				ENABLE_STRICT_OBJC_MSGSEND = YES;
				ENABLE_TESTABILITY = YES;
				GCC_C_LANGUAGE_STANDARD = gnu11;
				GCC_DYNAMIC_NO_PIC = NO;
				GCC_NO_COMMON_BLOCKS = YES;
				GCC_OPTIMIZATION_LEVEL = 0;
				GCC_PREPROCESSOR_DEFINITIONS = (
					"DEBUG=1",
					"$(inherited)",
				);
				GCC_WARN_64_TO_32_BIT_CONVERSION = YES;
				GCC_WARN_ABOUT_RETURN_TYPE = YES_ERROR;
				GCC_WARN_UNDECLARED_SELECTOR = YES;
				GCC_WARN_UNINITIALIZED_AUTOS = YES_AGGRESSIVE;
				GCC_WARN_UNUSED_FUNCTION = YES;
				GCC_WARN_UNUSED_VARIABLE = YES;
				IPHONEOS_DEPLOYMENT_TARGET = 16.0;
				MTL_ENABLE_DEBUG_INFO = INCLUDE_SOURCE;
				MTL_FAST_MATH = YES;
				ONLY_ACTIVE_ARCH = YES;
				SDKROOT = iphoneos;
				SWIFT_ACTIVE_COMPILATION_CONDITIONS = DEBUG;
				SWIFT_OPTIMIZATION_LEVEL = "-Onone";
			};
			name = Debug;
		};
		AAD0F1DD292C326E0023CE16 /* Release */ = {
			isa = XCBuildConfiguration;
			buildSettings = {
				ALWAYS_SEARCH_USER_PATHS = NO;
				CLANG_ANALYZER_NONNULL = YES;
				CLANG_ANALYZER_NUMBER_OBJECT_CONVERSION = YES_AGGRESSIVE;
				CLANG_CXX_LANGUAGE_STANDARD = "gnu++20";
				CLANG_ENABLE_MODULES = YES;
				CLANG_ENABLE_OBJC_ARC = YES;
				CLANG_ENABLE_OBJC_WEAK = YES;
				CLANG_WARN_BLOCK_CAPTURE_AUTORELEASING = YES;
				CLANG_WARN_BOOL_CONVERSION = YES;
				CLANG_WARN_COMMA = YES;
				CLANG_WARN_CONSTANT_CONVERSION = YES;
				CLANG_WARN_DEPRECATED_OBJC_IMPLEMENTATIONS = YES;
				CLANG_WARN_DIRECT_OBJC_ISA_USAGE = YES_ERROR;
				CLANG_WARN_DOCUMENTATION_COMMENTS = YES;
				CLANG_WARN_EMPTY_BODY = YES;
				CLANG_WARN_ENUM_CONVERSION = YES;
				CLANG_WARN_INFINITE_RECURSION = YES;
				CLANG_WARN_INT_CONVERSION = YES;
				CLANG_WARN_NON_LITERAL_NULL_CONVERSION = YES;
				CLANG_WARN_OBJC_IMPLICIT_RETAIN_SELF = YES;
				CLANG_WARN_OBJC_LITERAL_CONVERSION = YES;
				CLANG_WARN_OBJC_ROOT_CLASS = YES_ERROR;
				CLANG_WARN_QUOTED_INCLUDE_IN_FRAMEWORK_HEADER = YES;
				CLANG_WARN_RANGE_LOOP_ANALYSIS = YES;
				CLANG_WARN_STRICT_PROTOTYPES = YES;
				CLANG_WARN_SUSPICIOUS_MOVE = YES;
				CLANG_WARN_UNGUARDED_AVAILABILITY = YES_AGGRESSIVE;
				CLANG_WARN_UNREACHABLE_CODE = YES;
				CLANG_WARN__DUPLICATE_METHOD_MATCH = YES;
				COPY_PHASE_STRIP = NO;
				DEBUG_INFORMATION_FORMAT = "dwarf-with-dsym";
				ENABLE_NS_ASSERTIONS = NO;
				ENABLE_STRICT_OBJC_MSGSEND = YES;
				GCC_C_LANGUAGE_STANDARD = gnu11;
				GCC_NO_COMMON_BLOCKS = YES;
				GCC_WARN_64_TO_32_BIT_CONVERSION = YES;
				GCC_WARN_ABOUT_RETURN_TYPE = YES_ERROR;
				GCC_WARN_UNDECLARED_SELECTOR = YES;
				GCC_WARN_UNINITIALIZED_AUTOS = YES_AGGRESSIVE;
				GCC_WARN_UNUSED_FUNCTION = YES;
				GCC_WARN_UNUSED_VARIABLE = YES;
				IPHONEOS_DEPLOYMENT_TARGET = 16.0;
				MTL_ENABLE_DEBUG_INFO = NO;
				MTL_FAST_MATH = YES;
				SDKROOT = iphoneos;
				SWIFT_COMPILATION_MODE = wholemodule;
				SWIFT_OPTIMIZATION_LEVEL = "-O";
				VALIDATE_PRODUCT = YES;
			};
			name = Release;
		};
		AAD0F1DF292C326E0023CE16 /* Debug */ = {
			isa = XCBuildConfiguration;
			baseConfigurationReference = FEA08D2E2ECE44247360D58A /* Pods-Messenger.debug.xcconfig */;
			buildSettings = {
				ASSETCATALOG_COMPILER_APPICON_NAME = AppIcon;
				ASSETCATALOG_COMPILER_GLOBAL_ACCENT_COLOR_NAME = AccentColor;
				CODE_SIGN_STYLE = Automatic;
				CURRENT_PROJECT_VERSION = 1;
				DEVELOPMENT_TEAM = ZP5U82TPZE;
				GENERATE_INFOPLIST_FILE = YES;
				INFOPLIST_FILE = Messenger/Info.plist;
				INFOPLIST_KEY_CFBundleDisplayName = Messenger;
				INFOPLIST_KEY_LSApplicationCategoryType = "public.app-category.education";
				INFOPLIST_KEY_UIApplicationSupportsIndirectInputEvents = YES;
				INFOPLIST_KEY_UILaunchStoryboardName = LaunchScreen.storyboard;
				INFOPLIST_KEY_UIMainStoryboardFile = Main;
				INFOPLIST_KEY_UISupportedInterfaceOrientations = UIInterfaceOrientationPortrait;
				IPHONEOS_DEPLOYMENT_TARGET = 13.0;
				LD_RUNPATH_SEARCH_PATHS = (
					"$(inherited)",
					"@executable_path/Frameworks",
				);
				MARKETING_VERSION = 1.0;
				PRODUCT_BUNDLE_IDENTIFIER = com.pedroluis.Messenger;
				PRODUCT_NAME = "$(TARGET_NAME)";
				SUPPORTED_PLATFORMS = "iphoneos iphonesimulator";
				SUPPORTS_MACCATALYST = NO;
				SUPPORTS_MAC_DESIGNED_FOR_IPHONE_IPAD = NO;
				SWIFT_EMIT_LOC_STRINGS = YES;
				SWIFT_VERSION = 5.0;
				TARGETED_DEVICE_FAMILY = "1,2";
			};
			name = Debug;
		};
		AAD0F1E0292C326E0023CE16 /* Release */ = {
			isa = XCBuildConfiguration;
			baseConfigurationReference = D796B57D57C78EB37FCBEA3C /* Pods-Messenger.release.xcconfig */;
			buildSettings = {
				ASSETCATALOG_COMPILER_APPICON_NAME = AppIcon;
				ASSETCATALOG_COMPILER_GLOBAL_ACCENT_COLOR_NAME = AccentColor;
				CODE_SIGN_STYLE = Automatic;
				CURRENT_PROJECT_VERSION = 1;
				DEVELOPMENT_TEAM = ZP5U82TPZE;
				GENERATE_INFOPLIST_FILE = YES;
				INFOPLIST_FILE = Messenger/Info.plist;
				INFOPLIST_KEY_CFBundleDisplayName = Messenger;
				INFOPLIST_KEY_LSApplicationCategoryType = "public.app-category.education";
				INFOPLIST_KEY_UIApplicationSupportsIndirectInputEvents = YES;
				INFOPLIST_KEY_UILaunchStoryboardName = LaunchScreen.storyboard;
				INFOPLIST_KEY_UIMainStoryboardFile = Main;
				INFOPLIST_KEY_UISupportedInterfaceOrientations = UIInterfaceOrientationPortrait;
				IPHONEOS_DEPLOYMENT_TARGET = 13.0;
				LD_RUNPATH_SEARCH_PATHS = (
					"$(inherited)",
					"@executable_path/Frameworks",
				);
				MARKETING_VERSION = 1.0;
				PRODUCT_BUNDLE_IDENTIFIER = com.pedroluis.Messenger;
				PRODUCT_NAME = "$(TARGET_NAME)";
				SUPPORTED_PLATFORMS = "iphoneos iphonesimulator";
				SUPPORTS_MACCATALYST = NO;
				SUPPORTS_MAC_DESIGNED_FOR_IPHONE_IPAD = NO;
				SWIFT_EMIT_LOC_STRINGS = YES;
				SWIFT_VERSION = 5.0;
				TARGETED_DEVICE_FAMILY = "1,2";
			};
			name = Release;
		};
		AAD0F1E2292C326E0023CE16 /* Debug */ = {
			isa = XCBuildConfiguration;
			baseConfigurationReference = 4287CE3D7E91A0940AA79EF5 /* Pods-MessengerTests.debug.xcconfig */;
			buildSettings = {
				ALWAYS_EMBED_SWIFT_STANDARD_LIBRARIES = YES;
				BUNDLE_LOADER = "$(TEST_HOST)";
				CODE_SIGN_STYLE = Automatic;
				CURRENT_PROJECT_VERSION = 1;
				DEVELOPMENT_TEAM = ZP5U82TPZE;
				GENERATE_INFOPLIST_FILE = YES;
				IPHONEOS_DEPLOYMENT_TARGET = 16.0;
				MARKETING_VERSION = 1.0;
				PRODUCT_BUNDLE_IDENTIFIER = com.pedroluis.MessengerTests;
				PRODUCT_NAME = "$(TARGET_NAME)";
				SWIFT_EMIT_LOC_STRINGS = NO;
				SWIFT_VERSION = 5.0;
				TARGETED_DEVICE_FAMILY = "1,2";
				TEST_HOST = "$(BUILT_PRODUCTS_DIR)/Messenger.app/$(BUNDLE_EXECUTABLE_FOLDER_PATH)/Messenger";
			};
			name = Debug;
		};
		AAD0F1E3292C326E0023CE16 /* Release */ = {
			isa = XCBuildConfiguration;
			baseConfigurationReference = E8A8ADB52E11C88FEC22000A /* Pods-MessengerTests.release.xcconfig */;
			buildSettings = {
				ALWAYS_EMBED_SWIFT_STANDARD_LIBRARIES = YES;
				BUNDLE_LOADER = "$(TEST_HOST)";
				CODE_SIGN_STYLE = Automatic;
				CURRENT_PROJECT_VERSION = 1;
				DEVELOPMENT_TEAM = ZP5U82TPZE;
				GENERATE_INFOPLIST_FILE = YES;
				IPHONEOS_DEPLOYMENT_TARGET = 16.0;
				MARKETING_VERSION = 1.0;
				PRODUCT_BUNDLE_IDENTIFIER = com.pedroluis.MessengerTests;
				PRODUCT_NAME = "$(TARGET_NAME)";
				SWIFT_EMIT_LOC_STRINGS = NO;
				SWIFT_VERSION = 5.0;
				TARGETED_DEVICE_FAMILY = "1,2";
				TEST_HOST = "$(BUILT_PRODUCTS_DIR)/Messenger.app/$(BUNDLE_EXECUTABLE_FOLDER_PATH)/Messenger";
			};
			name = Release;
		};
		AAD0F1E5292C326E0023CE16 /* Debug */ = {
			isa = XCBuildConfiguration;
			baseConfigurationReference = F834EFBFAD01FFB24E443B4E /* Pods-Messenger-MessengerUITests.debug.xcconfig */;
			buildSettings = {
				ALWAYS_EMBED_SWIFT_STANDARD_LIBRARIES = YES;
				CODE_SIGN_STYLE = Automatic;
				CURRENT_PROJECT_VERSION = 1;
				DEVELOPMENT_TEAM = ZP5U82TPZE;
				GENERATE_INFOPLIST_FILE = YES;
				MARKETING_VERSION = 1.0;
				PRODUCT_BUNDLE_IDENTIFIER = com.pedroluis.MessengerUITests;
				PRODUCT_NAME = "$(TARGET_NAME)";
				SWIFT_EMIT_LOC_STRINGS = NO;
				SWIFT_VERSION = 5.0;
				TARGETED_DEVICE_FAMILY = "1,2";
				TEST_TARGET_NAME = Messenger;
			};
			name = Debug;
		};
		AAD0F1E6292C326E0023CE16 /* Release */ = {
			isa = XCBuildConfiguration;
			baseConfigurationReference = A2D9783FDB4F90D16ECFA364 /* Pods-Messenger-MessengerUITests.release.xcconfig */;
			buildSettings = {
				ALWAYS_EMBED_SWIFT_STANDARD_LIBRARIES = YES;
				CODE_SIGN_STYLE = Automatic;
				CURRENT_PROJECT_VERSION = 1;
				DEVELOPMENT_TEAM = ZP5U82TPZE;
				GENERATE_INFOPLIST_FILE = YES;
				MARKETING_VERSION = 1.0;
				PRODUCT_BUNDLE_IDENTIFIER = com.pedroluis.MessengerUITests;
				PRODUCT_NAME = "$(TARGET_NAME)";
				SWIFT_EMIT_LOC_STRINGS = NO;
				SWIFT_VERSION = 5.0;
				TARGETED_DEVICE_FAMILY = "1,2";
				TEST_TARGET_NAME = Messenger;
			};
			name = Release;
		};
/* End XCBuildConfiguration section */

/* Begin XCConfigurationList section */
		AAD0F1AF292C326C0023CE16 /* Build configuration list for PBXProject "Messenger" */ = {
			isa = XCConfigurationList;
			buildConfigurations = (
				AAD0F1DC292C326E0023CE16 /* Debug */,
				AAD0F1DD292C326E0023CE16 /* Release */,
			);
			defaultConfigurationIsVisible = 0;
			defaultConfigurationName = Release;
		};
		AAD0F1DE292C326E0023CE16 /* Build configuration list for PBXNativeTarget "Messenger" */ = {
			isa = XCConfigurationList;
			buildConfigurations = (
				AAD0F1DF292C326E0023CE16 /* Debug */,
				AAD0F1E0292C326E0023CE16 /* Release */,
			);
			defaultConfigurationIsVisible = 0;
			defaultConfigurationName = Release;
		};
		AAD0F1E1292C326E0023CE16 /* Build configuration list for PBXNativeTarget "MessengerTests" */ = {
			isa = XCConfigurationList;
			buildConfigurations = (
				AAD0F1E2292C326E0023CE16 /* Debug */,
				AAD0F1E3292C326E0023CE16 /* Release */,
			);
			defaultConfigurationIsVisible = 0;
			defaultConfigurationName = Release;
		};
		AAD0F1E4292C326E0023CE16 /* Build configuration list for PBXNativeTarget "MessengerUITests" */ = {
			isa = XCConfigurationList;
			buildConfigurations = (
				AAD0F1E5292C326E0023CE16 /* Debug */,
				AAD0F1E6292C326E0023CE16 /* Release */,
			);
			defaultConfigurationIsVisible = 0;
			defaultConfigurationName = Release;
		};
/* End XCConfigurationList section */
	};
	rootObject = AAD0F1AC292C326C0023CE16 /* Project object */;
}
